
Microsoft Visual Studio Solution File, Format Version 12.00
# Visual Studio 14
VisualStudioVersion = 14.0.25420.1
MinimumVisualStudioVersion = 10.0.40219.1
Project("{FAE04EC0-301F-11D3-BF4B-00C04F79EFBC}") = "BasicWCFDataService", "BasicWCFDataService\BasicWCFDataService.csproj", "{DC591632-FEF9-45E8-934C-5A0AFC444A21}"
EndProject
Project("{FAE04EC0-301F-11D3-BF4B-00C04F79EFBC}") = "NorthwindService", "NorthwindService\NorthwindService.csproj", "{8BF58A55-AE83-4F0E-A4CB-3A4E1D950693}"
EndProject
Global
	GlobalSection(SolutionConfigurationPlatforms) = preSolution
		Debug|Any CPU = Debug|Any CPU
		Release|Any CPU = Release|Any CPU
	EndGlobalSection
	GlobalSection(ProjectConfigurationPlatforms) = postSolution
		{DC591632-FEF9-45E8-934C-5A0AFC444A21}.Debug|Any CPU.ActiveCfg = Debug|Any CPU
		{DC591632-FEF9-45E8-934C-5A0AFC444A21}.Debug|Any CPU.Build.0 = Debug|Any CPU
		{DC591632-FEF9-45E8-934C-5A0AFC444A21}.Release|Any CPU.ActiveCfg = Release|Any CPU
		{DC591632-FEF9-45E8-934C-5A0AFC444A21}.Release|Any CPU.Build.0 = Release|Any CPU
		{8BF58A55-AE83-4F0E-A4CB-3A4E1D950693}.Debug|Any CPU.ActiveCfg = Debug|Any CPU
		{8BF58A55-AE83-4F0E-A4CB-3A4E1D950693}.Debug|Any CPU.Build.0 = Debug|Any CPU
		{8BF58A55-AE83-4F0E-A4CB-3A4E1D950693}.Release|Any CPU.ActiveCfg = Release|Any CPU
		{8BF58A55-AE83-4F0E-A4CB-3A4E1D950693}.Release|Any CPU.Build.0 = Release|Any CPU
	EndGlobalSection
	GlobalSection(SolutionProperties) = preSolution
		HideSolutionNode = FALSE
	EndGlobalSection
	GlobalSection(ExtensibilityGlobals) = postSolution
		SolutionGuid = {D2249B89-7DFC-406E-B00D-E25DA9EAF739}
	EndGlobalSection
EndGlobal
